<?xml version="1.0" encoding="UTF-8"?>
<!DOCTYPE plist PUBLIC "-//Apple//DTD PLIST 1.0//EN" "http://www.apple.com/DTDs/PropertyList-1.0.dtd">
<plist version="1.0">
<dict>
	<key>archiveVersion</key>
	<string>1</string>
	<key>classes</key>
	<dict/>
	<key>objectVersion</key>
	<string>46</string>
	<key>objects</key>
	<dict>
		<key>36463A261CDCD5EB0040579C</key>
		<dict>
			<key>children</key>
			<array>
				<string>36463A321CDCD5EB0040579C</string>
				<string>36B161F91CDCDF3A00F24C97</string>
				<string>36463A3E1CDCD5EB0040579C</string>
				<string>36463A311CDCD5EB0040579C</string>
				<string>36B1624A1CDDA13500F24C97</string>
				<string>36B1624B1CDDA26600F24C97</string>
				<string>36B1624C1CDDA26600F24C97</string>
				<string>36B1624D1CDDA26600F24C97</string>
				<string>36B1625D1CDDAD6E00F24C97</string>
			</array>
			<key>indentWidth</key>
			<string>4</string>
			<key>isa</key>
			<string>PBXGroup</string>
			<key>sourceTree</key>
			<string>&lt;group&gt;</string>
			<key>tabWidth</key>
			<string>4</string>
			<key>usesTabs</key>
			<string>0</string>
		</dict>
		<key>36463A271CDCD5EB0040579C</key>
		<dict>
			<key>attributes</key>
			<dict>
				<key>LastSwiftUpdateCheck</key>
				<string>0730</string>
				<key>LastUpgradeCheck</key>
				<string>0730</string>
				<key>ORGANIZATIONNAME</key>
				<string>Zhuhao Wang</string>
				<key>TargetAttributes</key>
				<dict>
					<key>36463A2F1CDCD5EB0040579C</key>
					<dict>
						<key>CreatedOnToolsVersion</key>
						<string>7.3</string>
					</dict>
					<key>36463A391CDCD5EB0040579C</key>
					<dict>
						<key>CreatedOnToolsVersion</key>
						<string>7.3</string>
					</dict>
					<key>36B161F71CDCDF3A00F24C97</key>
					<dict>
						<key>CreatedOnToolsVersion</key>
						<string>7.3</string>
					</dict>
				</dict>
			</dict>
			<key>buildConfigurationList</key>
			<string>36463A2A1CDCD5EB0040579C</string>
			<key>compatibilityVersion</key>
			<string>Xcode 3.2</string>
			<key>developmentRegion</key>
			<string>English</string>
			<key>hasScannedForEncodings</key>
			<string>0</string>
			<key>isa</key>
			<string>PBXProject</string>
			<key>knownRegions</key>
			<array>
				<string>en</string>
				<string>Base</string>
			</array>
			<key>mainGroup</key>
			<string>36463A261CDCD5EB0040579C</string>
			<key>productRefGroup</key>
			<string>36463A311CDCD5EB0040579C</string>
			<key>projectDirPath</key>
			<string></string>
			<key>projectReferences</key>
			<array/>
			<key>projectRoot</key>
			<string></string>
			<key>targets</key>
			<array>
				<string>36463A2F1CDCD5EB0040579C</string>
				<string>36463A391CDCD5EB0040579C</string>
				<string>36B161F71CDCDF3A00F24C97</string>
			</array>
		</dict>
		<key>36463A2A1CDCD5EB0040579C</key>
		<dict>
			<key>buildConfigurations</key>
			<array>
				<string>36463A421CDCD5EB0040579C</string>
				<string>36463A431CDCD5EB0040579C</string>
			</array>
			<key>defaultConfigurationIsVisible</key>
			<string>0</string>
			<key>defaultConfigurationName</key>
			<string>Release</string>
			<key>isa</key>
			<string>XCConfigurationList</string>
		</dict>
		<key>36463A2B1CDCD5EB0040579C</key>
		<dict>
			<key>buildActionMask</key>
			<string>2147483647</string>
			<key>files</key>
			<array>
				<string>366EB5B71CDE150C00E0E942</string>
				<string>36B162251CDDA0EA00F24C97</string>
				<string>366EB5B91CDE150C00E0E942</string>
				<string>36B1620F1CDDA0E000F24C97</string>
				<string>36B1623D1CDDA0F300F24C97</string>
				<string>36B162111CDDA0E000F24C97</string>
				<string>366EB5B81CDE150C00E0E942</string>
				<string>36B1622D1CDDA0EA00F24C97</string>
				<string>36B1622E1CDDA0EA00F24C97</string>
				<string>36B162301CDDA0EA00F24C97</string>
				<string>36B1622C1CDDA0EA00F24C97</string>
				<string>366EB5AE1CDE0FCE00E0E942</string>
				<string>36B162101CDDA0E000F24C97</string>
				<string>366EB5AF1CDE0FCE00E0E942</string>
				<string>36B1623F1CDDA0F300F24C97</string>
				<string>36B162261CDDA0EA00F24C97</string>
				<string>366EB5B11CDE119200E0E942</string>
				<string>36B1622B1CDDA0EA00F24C97</string>
				<string>36B1623C1CDDA0F300F24C97</string>
				<string>36B1623B1CDDA0F300F24C97</string>
				<string>36B162621CDDADC100F24C97</string>
				<string>36B162281CDDA0EA00F24C97</string>
				<string>366EB5B61CDE150C00E0E942</string>
				<string>36B1625A1CDDA31B00F24C97</string>
				<string>36B162271CDDA0EA00F24C97</string>
				<string>36B162291CDDA0EA00F24C97</string>
				<string>36B1622F1CDDA0EA00F24C97</string>
				<string>36B1625C1CDDA54600F24C97</string>
				<string>36B162591CDDA31B00F24C97</string>
			</array>
			<key>isa</key>
			<string>PBXSourcesBuildPhase</string>
			<key>runOnlyForDeploymentPostprocessing</key>
			<string>0</string>
		</dict>
		<key>36463A2C1CDCD5EB0040579C</key>
		<dict>
			<key>buildActionMask</key>
			<string>2147483647</string>
			<key>files</key>
			<array>
				<string>36B1625E1CDDAD6E00F24C97</string>
				<string>36B1624E1CDDA26600F24C97</string>
				<string>36B1624F1CDDA26600F24C97</string>
				<string>36B162501CDDA26600F24C97</string>
			</array>
			<key>isa</key>
			<string>PBXFrameworksBuildPhase</string>
			<key>runOnlyForDeploymentPostprocessing</key>
			<string>0</string>
		</dict>
		<key>36463A2D1CDCD5EB0040579C</key>
		<dict>
			<key>buildActionMask</key>
			<string>2147483647</string>
			<key>files</key>
			<array>
				<string>36463A341CDCD5EB0040579C</string>
			</array>
			<key>isa</key>
			<string>PBXHeadersBuildPhase</string>
			<key>runOnlyForDeploymentPostprocessing</key>
			<string>0</string>
		</dict>
		<key>36463A2E1CDCD5EB0040579C</key>
		<dict>
			<key>buildActionMask</key>
			<string>2147483647</string>
			<key>files</key>
			<array/>
			<key>isa</key>
			<string>PBXResourcesBuildPhase</string>
			<key>runOnlyForDeploymentPostprocessing</key>
			<string>0</string>
		</dict>
		<key>36463A2F1CDCD5EB0040579C</key>
		<dict>
			<key>buildConfigurationList</key>
			<string>36463A441CDCD5EB0040579C</string>
			<key>buildPhases</key>
			<array>
				<string>36463A2B1CDCD5EB0040579C</string>
				<string>36463A2C1CDCD5EB0040579C</string>
				<string>36463A2D1CDCD5EB0040579C</string>
				<string>36463A2E1CDCD5EB0040579C</string>
				<string>C761B0AADCE235DA95F31D5A</string>
				<string>E60ADF4730A8B268DBD07CAC</string>
			</array>
			<key>buildRules</key>
			<array/>
			<key>dependencies</key>
			<array/>
			<key>isa</key>
			<string>PBXNativeTarget</string>
			<key>name</key>
			<string>NEKit</string>
			<key>productName</key>
			<string>NEKit</string>
			<key>productReference</key>
			<string>36463A301CDCD5EB0040579C</string>
			<key>productType</key>
			<string>com.apple.product-type.framework</string>
		</dict>
		<key>36463A301CDCD5EB0040579C</key>
		<dict>
			<key>explicitFileType</key>
			<string>wrapper.framework</string>
			<key>includeInIndex</key>
			<string>0</string>
			<key>isa</key>
			<string>PBXFileReference</string>
			<key>path</key>
			<string>NEKit.framework</string>
			<key>sourceTree</key>
			<string>BUILT_PRODUCTS_DIR</string>
		</dict>
		<key>36463A311CDCD5EB0040579C</key>
		<dict>
			<key>children</key>
			<array>
				<string>36463A301CDCD5EB0040579C</string>
				<string>36463A3A1CDCD5EB0040579C</string>
				<string>36B161F81CDCDF3A00F24C97</string>
			</array>
			<key>isa</key>
			<string>PBXGroup</string>
			<key>name</key>
			<string>Products</string>
			<key>sourceTree</key>
			<string>&lt;group&gt;</string>
		</dict>
		<key>36463A321CDCD5EB0040579C</key>
		<dict>
			<key>children</key>
			<array>
				<string>36B162311CDDA0F300F24C97</string>
				<string>36B162431CDDA0FB00F24C97</string>
				<string>36B162661CDDD00B00F24C97</string>
				<string>36B162631CDDCDFC00F24C97</string>
				<string>36B162121CDDA0EA00F24C97</string>
				<string>36B1620B1CDDA0E000F24C97</string>
				<string>36B162651CDDCF9900F24C97</string>
				<string>366EB5B01CDE119200E0E942</string>
				<string>36463A351CDCD5EB0040579C</string>
				<string>36463A331CDCD5EB0040579C</string>
				<string>36B1625B1CDDA54600F24C97</string>
				<string>36B162231CDDA0EA00F24C97</string>
				<string>36B162241CDDA0EA00F24C97</string>
			</array>
			<key>isa</key>
			<string>PBXGroup</string>
			<key>path</key>
			<string>NEKit</string>
			<key>sourceTree</key>
			<string>&lt;group&gt;</string>
		</dict>
		<key>36463A331CDCD5EB0040579C</key>
		<dict>
			<key>isa</key>
			<string>PBXFileReference</string>
			<key>lastKnownFileType</key>
			<string>sourcecode.c.h</string>
			<key>path</key>
			<string>NEKit.h</string>
			<key>sourceTree</key>
			<string>&lt;group&gt;</string>
		</dict>
		<key>36463A341CDCD5EB0040579C</key>
		<dict>
			<key>fileRef</key>
			<string>36463A331CDCD5EB0040579C</string>
			<key>isa</key>
			<string>PBXBuildFile</string>
			<key>settings</key>
			<dict>
				<key>ATTRIBUTES</key>
				<array>
					<string>Public</string>
				</array>
			</dict>
		</dict>
		<key>36463A351CDCD5EB0040579C</key>
		<dict>
			<key>isa</key>
			<string>PBXFileReference</string>
			<key>lastKnownFileType</key>
			<string>text.plist.xml</string>
			<key>path</key>
			<string>Info.plist</string>
			<key>sourceTree</key>
			<string>&lt;group&gt;</string>
		</dict>
		<key>36463A361CDCD5EB0040579C</key>
		<dict>
			<key>buildActionMask</key>
			<string>2147483647</string>
			<key>files</key>
			<array>
				<string>36463A401CDCD5EB0040579C</string>
			</array>
			<key>isa</key>
			<string>PBXSourcesBuildPhase</string>
			<key>runOnlyForDeploymentPostprocessing</key>
			<string>0</string>
		</dict>
		<key>36463A371CDCD5EB0040579C</key>
		<dict>
			<key>buildActionMask</key>
			<string>2147483647</string>
			<key>files</key>
			<array>
				<string>36463A3B1CDCD5EB0040579C</string>
			</array>
			<key>isa</key>
			<string>PBXFrameworksBuildPhase</string>
			<key>runOnlyForDeploymentPostprocessing</key>
			<string>0</string>
		</dict>
		<key>36463A381CDCD5EB0040579C</key>
		<dict>
			<key>buildActionMask</key>
			<string>2147483647</string>
			<key>files</key>
			<array/>
			<key>isa</key>
			<string>PBXResourcesBuildPhase</string>
			<key>runOnlyForDeploymentPostprocessing</key>
			<string>0</string>
		</dict>
		<key>36463A391CDCD5EB0040579C</key>
		<dict>
			<key>buildConfigurationList</key>
			<string>36463A471CDCD5EB0040579C</string>
			<key>buildPhases</key>
			<array>
				<string>36463A361CDCD5EB0040579C</string>
				<string>36463A371CDCD5EB0040579C</string>
				<string>36463A381CDCD5EB0040579C</string>
			</array>
			<key>buildRules</key>
			<array/>
			<key>dependencies</key>
			<array>
				<string>36463A3D1CDCD5EB0040579C</string>
			</array>
			<key>isa</key>
			<string>PBXNativeTarget</string>
			<key>name</key>
			<string>NEKitTests</string>
			<key>productName</key>
			<string>NEKitTests</string>
			<key>productReference</key>
			<string>36463A3A1CDCD5EB0040579C</string>
			<key>productType</key>
			<string>com.apple.product-type.bundle.unit-test</string>
		</dict>
		<key>36463A3A1CDCD5EB0040579C</key>
		<dict>
			<key>explicitFileType</key>
			<string>wrapper.cfbundle</string>
			<key>includeInIndex</key>
			<string>0</string>
			<key>isa</key>
			<string>PBXFileReference</string>
			<key>path</key>
			<string>NEKitTests.xctest</string>
			<key>sourceTree</key>
			<string>BUILT_PRODUCTS_DIR</string>
		</dict>
		<key>36463A3B1CDCD5EB0040579C</key>
		<dict>
			<key>fileRef</key>
			<string>36463A301CDCD5EB0040579C</string>
			<key>isa</key>
			<string>PBXBuildFile</string>
		</dict>
		<key>36463A3C1CDCD5EB0040579C</key>
		<dict>
			<key>containerPortal</key>
			<string>36463A271CDCD5EB0040579C</string>
			<key>isa</key>
			<string>PBXContainerItemProxy</string>
			<key>proxyType</key>
			<string>1</string>
			<key>remoteGlobalIDString</key>
			<string>36463A2F1CDCD5EB0040579C</string>
			<key>remoteInfo</key>
			<string>NEKit</string>
		</dict>
		<key>36463A3D1CDCD5EB0040579C</key>
		<dict>
			<key>isa</key>
			<string>PBXTargetDependency</string>
			<key>target</key>
			<string>36463A2F1CDCD5EB0040579C</string>
			<key>targetProxy</key>
			<string>36463A3C1CDCD5EB0040579C</string>
		</dict>
		<key>36463A3E1CDCD5EB0040579C</key>
		<dict>
			<key>children</key>
			<array>
				<string>36463A411CDCD5EB0040579C</string>
				<string>36463A3F1CDCD5EB0040579C</string>
			</array>
			<key>isa</key>
			<string>PBXGroup</string>
			<key>path</key>
			<string>NEKitTests</string>
			<key>sourceTree</key>
			<string>&lt;group&gt;</string>
		</dict>
		<key>36463A3F1CDCD5EB0040579C</key>
		<dict>
			<key>isa</key>
			<string>PBXFileReference</string>
			<key>lastKnownFileType</key>
			<string>sourcecode.swift</string>
			<key>path</key>
			<string>NEKitTests.swift</string>
			<key>sourceTree</key>
			<string>&lt;group&gt;</string>
		</dict>
		<key>36463A401CDCD5EB0040579C</key>
		<dict>
			<key>fileRef</key>
			<string>36463A3F1CDCD5EB0040579C</string>
			<key>isa</key>
			<string>PBXBuildFile</string>
		</dict>
		<key>36463A411CDCD5EB0040579C</key>
		<dict>
			<key>isa</key>
			<string>PBXFileReference</string>
			<key>lastKnownFileType</key>
			<string>text.plist.xml</string>
			<key>path</key>
			<string>Info.plist</string>
			<key>sourceTree</key>
			<string>&lt;group&gt;</string>
		</dict>
		<key>36463A421CDCD5EB0040579C</key>
		<dict>
			<key>buildSettings</key>
			<dict>
				<key>ALWAYS_SEARCH_USER_PATHS</key>
				<string>NO</string>
				<key>CLANG_ANALYZER_NONNULL</key>
				<string>YES</string>
				<key>CLANG_CXX_LANGUAGE_STANDARD</key>
				<string>gnu++0x</string>
				<key>CLANG_CXX_LIBRARY</key>
				<string>libc++</string>
				<key>CLANG_ENABLE_MODULES</key>
				<string>YES</string>
				<key>CLANG_ENABLE_OBJC_ARC</key>
				<string>YES</string>
				<key>CLANG_WARN_BOOL_CONVERSION</key>
				<string>YES</string>
				<key>CLANG_WARN_CONSTANT_CONVERSION</key>
				<string>YES</string>
				<key>CLANG_WARN_DEPRECATED_OBJC_IMPLEMENTATIONS</key>
				<string>YES</string>
				<key>CLANG_WARN_DIRECT_OBJC_ISA_USAGE</key>
				<string>YES_ERROR</string>
				<key>CLANG_WARN_EMPTY_BODY</key>
				<string>YES</string>
				<key>CLANG_WARN_ENUM_CONVERSION</key>
				<string>YES</string>
				<key>CLANG_WARN_IMPLICIT_SIGN_CONVERSION</key>
				<string>YES</string>
				<key>CLANG_WARN_INT_CONVERSION</key>
				<string>YES</string>
				<key>CLANG_WARN_OBJC_IMPLICIT_RETAIN_SELF</key>
				<string>YES</string>
				<key>CLANG_WARN_OBJC_ROOT_CLASS</key>
				<string>YES_ERROR</string>
				<key>CLANG_WARN_SUSPICIOUS_IMPLICIT_CONVERSION</key>
				<string>YES</string>
				<key>CLANG_WARN_UNREACHABLE_CODE</key>
				<string>YES</string>
				<key>CLANG_WARN__DUPLICATE_METHOD_MATCH</key>
				<string>YES</string>
				<key>CODE_SIGN_IDENTITY</key>
				<string>-</string>
				<key>COPY_PHASE_STRIP</key>
				<string>NO</string>
				<key>CURRENT_PROJECT_VERSION</key>
				<string>1</string>
				<key>DEBUG_INFORMATION_FORMAT</key>
				<string>dwarf</string>
				<key>ENABLE_STRICT_OBJC_MSGSEND</key>
				<string>YES</string>
				<key>ENABLE_TESTABILITY</key>
				<string>YES</string>
				<key>GCC_C_LANGUAGE_STANDARD</key>
				<string>gnu99</string>
				<key>GCC_DYNAMIC_NO_PIC</key>
				<string>NO</string>
				<key>GCC_NO_COMMON_BLOCKS</key>
				<string>YES</string>
				<key>GCC_OPTIMIZATION_LEVEL</key>
				<string>0</string>
				<key>GCC_PREPROCESSOR_DEFINITIONS</key>
				<array>
					<string>DEBUG=1</string>
					<string>$(inherited)</string>
				</array>
				<key>GCC_WARN_64_TO_32_BIT_CONVERSION</key>
				<string>YES</string>
				<key>GCC_WARN_ABOUT_DEPRECATED_FUNCTIONS</key>
				<string>YES</string>
				<key>GCC_WARN_ABOUT_MISSING_FIELD_INITIALIZERS</key>
				<string>YES</string>
				<key>GCC_WARN_ABOUT_MISSING_NEWLINE</key>
				<string>YES</string>
				<key>GCC_WARN_ABOUT_RETURN_TYPE</key>
				<string>YES</string>
				<key>GCC_WARN_CHECK_SWITCH_STATEMENTS</key>
				<string>YES</string>
				<key>GCC_WARN_INITIALIZER_NOT_FULLY_BRACKETED</key>
				<string>YES</string>
				<key>GCC_WARN_MISSING_PARENTHESES</key>
				<string>YES</string>
				<key>GCC_WARN_SHADOW</key>
				<string>YES</string>
				<key>GCC_WARN_SIGN_COMPARE</key>
				<string>YES</string>
				<key>GCC_WARN_TYPECHECK_CALLS_TO_PRINTF</key>
				<string>YES</string>
				<key>GCC_WARN_UNDECLARED_SELECTOR</key>
				<string>YES</string>
				<key>GCC_WARN_UNINITIALIZED_AUTOS</key>
				<string>YES_AGGRESSIVE</string>
				<key>GCC_WARN_UNUSED_FUNCTION</key>
				<string>YES</string>
				<key>GCC_WARN_UNUSED_LABEL</key>
				<string>YES</string>
				<key>GCC_WARN_UNUSED_VALUE</key>
				<string>YES</string>
				<key>GCC_WARN_UNUSED_VARIABLE</key>
				<string>YES</string>
				<key>MACOSX_DEPLOYMENT_TARGET</key>
				<string>10.11</string>
				<key>MTL_ENABLE_DEBUG_INFO</key>
				<string>YES</string>
				<key>ONLY_ACTIVE_ARCH</key>
				<string>YES</string>
				<key>SDKROOT</key>
				<string>macosx</string>
				<key>SWIFT_OPTIMIZATION_LEVEL</key>
				<string>-Onone</string>
				<key>VERSIONING_SYSTEM</key>
				<string>apple-generic</string>
				<key>VERSION_INFO_PREFIX</key>
				<string></string>
			</dict>
			<key>isa</key>
			<string>XCBuildConfiguration</string>
			<key>name</key>
			<string>Debug</string>
		</dict>
		<key>36463A431CDCD5EB0040579C</key>
		<dict>
			<key>buildSettings</key>
			<dict>
				<key>ALWAYS_SEARCH_USER_PATHS</key>
				<string>NO</string>
				<key>CLANG_ANALYZER_NONNULL</key>
				<string>YES</string>
				<key>CLANG_CXX_LANGUAGE_STANDARD</key>
				<string>gnu++0x</string>
				<key>CLANG_CXX_LIBRARY</key>
				<string>libc++</string>
				<key>CLANG_ENABLE_MODULES</key>
				<string>YES</string>
				<key>CLANG_ENABLE_OBJC_ARC</key>
				<string>YES</string>
				<key>CLANG_WARN_BOOL_CONVERSION</key>
				<string>YES</string>
				<key>CLANG_WARN_CONSTANT_CONVERSION</key>
				<string>YES</string>
				<key>CLANG_WARN_DEPRECATED_OBJC_IMPLEMENTATIONS</key>
				<string>YES</string>
				<key>CLANG_WARN_DIRECT_OBJC_ISA_USAGE</key>
				<string>YES_ERROR</string>
				<key>CLANG_WARN_EMPTY_BODY</key>
				<string>YES</string>
				<key>CLANG_WARN_ENUM_CONVERSION</key>
				<string>YES</string>
				<key>CLANG_WARN_IMPLICIT_SIGN_CONVERSION</key>
				<string>YES</string>
				<key>CLANG_WARN_INT_CONVERSION</key>
				<string>YES</string>
				<key>CLANG_WARN_OBJC_IMPLICIT_RETAIN_SELF</key>
				<string>YES</string>
				<key>CLANG_WARN_OBJC_ROOT_CLASS</key>
				<string>YES_ERROR</string>
				<key>CLANG_WARN_SUSPICIOUS_IMPLICIT_CONVERSION</key>
				<string>YES</string>
				<key>CLANG_WARN_UNREACHABLE_CODE</key>
				<string>YES</string>
				<key>CLANG_WARN__DUPLICATE_METHOD_MATCH</key>
				<string>YES</string>
				<key>CODE_SIGN_IDENTITY</key>
				<string>-</string>
				<key>COPY_PHASE_STRIP</key>
				<string>NO</string>
				<key>CURRENT_PROJECT_VERSION</key>
				<string>1</string>
				<key>DEBUG_INFORMATION_FORMAT</key>
				<string>dwarf-with-dsym</string>
				<key>ENABLE_NS_ASSERTIONS</key>
				<string>NO</string>
				<key>ENABLE_STRICT_OBJC_MSGSEND</key>
				<string>YES</string>
				<key>GCC_C_LANGUAGE_STANDARD</key>
				<string>gnu99</string>
				<key>GCC_NO_COMMON_BLOCKS</key>
				<string>YES</string>
				<key>GCC_WARN_64_TO_32_BIT_CONVERSION</key>
				<string>YES</string>
				<key>GCC_WARN_ABOUT_DEPRECATED_FUNCTIONS</key>
				<string>YES</string>
				<key>GCC_WARN_ABOUT_MISSING_FIELD_INITIALIZERS</key>
				<string>YES</string>
				<key>GCC_WARN_ABOUT_MISSING_NEWLINE</key>
				<string>YES</string>
				<key>GCC_WARN_ABOUT_RETURN_TYPE</key>
				<string>YES</string>
				<key>GCC_WARN_CHECK_SWITCH_STATEMENTS</key>
				<string>YES</string>
				<key>GCC_WARN_INITIALIZER_NOT_FULLY_BRACKETED</key>
				<string>YES</string>
				<key>GCC_WARN_MISSING_PARENTHESES</key>
				<string>YES</string>
				<key>GCC_WARN_SHADOW</key>
				<string>YES</string>
				<key>GCC_WARN_SIGN_COMPARE</key>
				<string>YES</string>
				<key>GCC_WARN_TYPECHECK_CALLS_TO_PRINTF</key>
				<string>YES</string>
				<key>GCC_WARN_UNDECLARED_SELECTOR</key>
				<string>YES</string>
				<key>GCC_WARN_UNINITIALIZED_AUTOS</key>
				<string>YES_AGGRESSIVE</string>
				<key>GCC_WARN_UNUSED_FUNCTION</key>
				<string>YES</string>
				<key>GCC_WARN_UNUSED_LABEL</key>
				<string>YES</string>
				<key>GCC_WARN_UNUSED_VALUE</key>
				<string>YES</string>
				<key>GCC_WARN_UNUSED_VARIABLE</key>
				<string>YES</string>
				<key>MACOSX_DEPLOYMENT_TARGET</key>
				<string>10.11</string>
				<key>MTL_ENABLE_DEBUG_INFO</key>
				<string>NO</string>
				<key>SDKROOT</key>
				<string>macosx</string>
				<key>VERSIONING_SYSTEM</key>
				<string>apple-generic</string>
				<key>VERSION_INFO_PREFIX</key>
				<string></string>
			</dict>
			<key>isa</key>
			<string>XCBuildConfiguration</string>
			<key>name</key>
			<string>Release</string>
		</dict>
		<key>36463A441CDCD5EB0040579C</key>
		<dict>
			<key>buildConfigurations</key>
			<array>
				<string>36463A451CDCD5EB0040579C</string>
				<string>36463A461CDCD5EB0040579C</string>
			</array>
			<key>defaultConfigurationIsVisible</key>
			<string>0</string>
			<key>defaultConfigurationName</key>
			<string>Release</string>
			<key>isa</key>
			<string>XCConfigurationList</string>
		</dict>
		<key>36463A451CDCD5EB0040579C</key>
		<dict>
			<key>buildSettings</key>
			<dict>
				<key>CLANG_ENABLE_MODULES</key>
				<string>YES</string>
				<key>COMBINE_HIDPI_IMAGES</key>
				<string>YES</string>
				<key>DEFINES_MODULE</key>
				<string>YES</string>
				<key>DYLIB_COMPATIBILITY_VERSION</key>
				<string>1</string>
				<key>DYLIB_CURRENT_VERSION</key>
				<string>1</string>
				<key>DYLIB_INSTALL_NAME_BASE</key>
				<string>@rpath</string>
				<key>FRAMEWORK_SEARCH_PATHS</key>
				<array>
					<string>$(inherited)</string>
					<string>$(PROJECT_DIR)/Carthage/Build/Mac</string>
				</array>
				<key>FRAMEWORK_VERSION</key>
				<string>A</string>
				<key>INFOPLIST_FILE</key>
				<string>NEKit/Info.plist</string>
				<key>INSTALL_PATH</key>
				<string>$(LOCAL_LIBRARY_DIR)/Frameworks</string>
				<key>LD_RUNPATH_SEARCH_PATHS</key>
				<string>$(inherited) @executable_path/../Frameworks @loader_path/Frameworks</string>
				<key>PRODUCT_BUNDLE_IDENTIFIER</key>
				<string>me.zhuhaow.NEKit</string>
				<key>PRODUCT_NAME</key>
				<string>$(TARGET_NAME)</string>
				<key>SKIP_INSTALL</key>
				<string>YES</string>
				<key>SWIFT_OPTIMIZATION_LEVEL</key>
				<string>-Onone</string>
			</dict>
			<key>isa</key>
			<string>XCBuildConfiguration</string>
			<key>name</key>
			<string>Debug</string>
		</dict>
		<key>36463A461CDCD5EB0040579C</key>
		<dict>
			<key>buildSettings</key>
			<dict>
				<key>CLANG_ENABLE_MODULES</key>
				<string>YES</string>
				<key>COMBINE_HIDPI_IMAGES</key>
				<string>YES</string>
				<key>DEFINES_MODULE</key>
				<string>YES</string>
				<key>DYLIB_COMPATIBILITY_VERSION</key>
				<string>1</string>
				<key>DYLIB_CURRENT_VERSION</key>
				<string>1</string>
				<key>DYLIB_INSTALL_NAME_BASE</key>
				<string>@rpath</string>
				<key>FRAMEWORK_SEARCH_PATHS</key>
				<array>
					<string>$(inherited)</string>
					<string>$(PROJECT_DIR)/Carthage/Build/Mac</string>
				</array>
				<key>FRAMEWORK_VERSION</key>
				<string>A</string>
				<key>GCC_TREAT_WARNINGS_AS_ERRORS</key>
				<string>YES</string>
				<key>INFOPLIST_FILE</key>
				<string>NEKit/Info.plist</string>
				<key>INSTALL_PATH</key>
				<string>$(LOCAL_LIBRARY_DIR)/Frameworks</string>
				<key>LD_RUNPATH_SEARCH_PATHS</key>
				<string>$(inherited) @executable_path/../Frameworks @loader_path/Frameworks</string>
				<key>PRODUCT_BUNDLE_IDENTIFIER</key>
				<string>me.zhuhaow.NEKit</string>
				<key>PRODUCT_NAME</key>
				<string>$(TARGET_NAME)</string>
				<key>SKIP_INSTALL</key>
				<string>YES</string>
			</dict>
			<key>isa</key>
			<string>XCBuildConfiguration</string>
			<key>name</key>
			<string>Release</string>
		</dict>
		<key>36463A471CDCD5EB0040579C</key>
		<dict>
			<key>buildConfigurations</key>
			<array>
				<string>36463A481CDCD5EB0040579C</string>
				<string>36463A491CDCD5EB0040579C</string>
			</array>
			<key>defaultConfigurationIsVisible</key>
			<string>0</string>
			<key>defaultConfigurationName</key>
			<string>Release</string>
			<key>isa</key>
			<string>XCConfigurationList</string>
		</dict>
		<key>36463A481CDCD5EB0040579C</key>
		<dict>
			<key>buildSettings</key>
			<dict>
				<key>COMBINE_HIDPI_IMAGES</key>
				<string>YES</string>
				<key>INFOPLIST_FILE</key>
				<string>NEKitTests/Info.plist</string>
				<key>LD_RUNPATH_SEARCH_PATHS</key>
				<string>$(inherited) @executable_path/../Frameworks @loader_path/../Frameworks</string>
				<key>PRODUCT_BUNDLE_IDENTIFIER</key>
				<string>me.zhuhaow.NEKitTests</string>
				<key>PRODUCT_NAME</key>
				<string>$(TARGET_NAME)</string>
			</dict>
			<key>isa</key>
			<string>XCBuildConfiguration</string>
			<key>name</key>
			<string>Debug</string>
		</dict>
		<key>36463A491CDCD5EB0040579C</key>
		<dict>
			<key>buildSettings</key>
			<dict>
				<key>COMBINE_HIDPI_IMAGES</key>
				<string>YES</string>
				<key>INFOPLIST_FILE</key>
				<string>NEKitTests/Info.plist</string>
				<key>LD_RUNPATH_SEARCH_PATHS</key>
				<string>$(inherited) @executable_path/../Frameworks @loader_path/../Frameworks</string>
				<key>PRODUCT_BUNDLE_IDENTIFIER</key>
				<string>me.zhuhaow.NEKitTests</string>
				<key>PRODUCT_NAME</key>
				<string>$(TARGET_NAME)</string>
			</dict>
			<key>isa</key>
			<string>XCBuildConfiguration</string>
			<key>name</key>
			<string>Release</string>
		</dict>
		<key>366EB5AC1CDE0FCE00E0E942</key>
		<dict>
			<key>fileEncoding</key>
			<string>4</string>
			<key>isa</key>
			<string>PBXFileReference</string>
			<key>lastKnownFileType</key>
			<string>sourcecode.swift</string>
			<key>path</key>
			<string>HTTPAdapter.swift</string>
			<key>sourceTree</key>
			<string>&lt;group&gt;</string>
		</dict>
		<key>366EB5AD1CDE0FCE00E0E942</key>
		<dict>
			<key>fileEncoding</key>
			<string>4</string>
			<key>isa</key>
			<string>PBXFileReference</string>
			<key>lastKnownFileType</key>
			<string>sourcecode.swift</string>
			<key>path</key>
			<string>SecureHTTPAdapter.swift</string>
			<key>sourceTree</key>
			<string>&lt;group&gt;</string>
		</dict>
		<key>366EB5AE1CDE0FCE00E0E942</key>
		<dict>
			<key>fileRef</key>
			<string>366EB5AC1CDE0FCE00E0E942</string>
			<key>isa</key>
			<string>PBXBuildFile</string>
		</dict>
		<key>366EB5AF1CDE0FCE00E0E942</key>
		<dict>
			<key>fileRef</key>
			<string>366EB5AD1CDE0FCE00E0E942</string>
			<key>isa</key>
			<string>PBXBuildFile</string>
		</dict>
		<key>366EB5B01CDE119200E0E942</key>
		<dict>
			<key>fileEncoding</key>
			<string>4</string>
			<key>isa</key>
			<string>PBXFileReference</string>
			<key>lastKnownFileType</key>
			<string>sourcecode.swift</string>
			<key>path</key>
			<string>Authentication.swift</string>
			<key>sourceTree</key>
			<string>&lt;group&gt;</string>
		</dict>
		<key>366EB5B11CDE119200E0E942</key>
		<dict>
			<key>fileRef</key>
			<string>366EB5B01CDE119200E0E942</string>
			<key>isa</key>
			<string>PBXBuildFile</string>
		</dict>
		<key>366EB5B21CDE150C00E0E942</key>
		<dict>
			<key>fileEncoding</key>
			<string>4</string>
			<key>isa</key>
			<string>PBXFileReference</string>
			<key>lastKnownFileType</key>
			<string>sourcecode.swift</string>
			<key>path</key>
			<string>AuthenticationServerAdapterFactory.swift</string>
			<key>sourceTree</key>
			<string>&lt;group&gt;</string>
		</dict>
		<key>366EB5B31CDE150C00E0E942</key>
		<dict>
			<key>fileEncoding</key>
			<string>4</string>
			<key>isa</key>
			<string>PBXFileReference</string>
			<key>lastKnownFileType</key>
			<string>sourcecode.swift</string>
			<key>path</key>
			<string>HTTPAdapterFactory.swift</string>
			<key>sourceTree</key>
			<string>&lt;group&gt;</string>
		</dict>
		<key>366EB5B41CDE150C00E0E942</key>
		<dict>
			<key>fileEncoding</key>
			<string>4</string>
			<key>isa</key>
			<string>PBXFileReference</string>
			<key>lastKnownFileType</key>
			<string>sourcecode.swift</string>
			<key>path</key>
			<string>SecureHTTPAdapterFactory.swift</string>
			<key>sourceTree</key>
			<string>&lt;group&gt;</string>
		</dict>
		<key>366EB5B51CDE150C00E0E942</key>
		<dict>
			<key>fileEncoding</key>
			<string>4</string>
			<key>isa</key>
			<string>PBXFileReference</string>
			<key>lastKnownFileType</key>
			<string>sourcecode.swift</string>
			<key>path</key>
			<string>ServerAdapterFactory.swift</string>
			<key>sourceTree</key>
			<string>&lt;group&gt;</string>
		</dict>
		<key>366EB5B61CDE150C00E0E942</key>
		<dict>
			<key>fileRef</key>
			<string>366EB5B21CDE150C00E0E942</string>
			<key>isa</key>
			<string>PBXBuildFile</string>
		</dict>
		<key>366EB5B71CDE150C00E0E942</key>
		<dict>
			<key>fileRef</key>
			<string>366EB5B31CDE150C00E0E942</string>
			<key>isa</key>
			<string>PBXBuildFile</string>
		</dict>
		<key>366EB5B81CDE150C00E0E942</key>
		<dict>
			<key>fileRef</key>
			<string>366EB5B41CDE150C00E0E942</string>
			<key>isa</key>
			<string>PBXBuildFile</string>
		</dict>
		<key>366EB5B91CDE150C00E0E942</key>
		<dict>
			<key>fileRef</key>
			<string>366EB5B51CDE150C00E0E942</string>
			<key>isa</key>
			<string>PBXBuildFile</string>
		</dict>
		<key>36B161F41CDCDF3A00F24C97</key>
		<dict>
			<key>buildActionMask</key>
			<string>2147483647</string>
			<key>files</key>
			<array>
				<string>36B161FB1CDCDF3A00F24C97</string>
			</array>
			<key>isa</key>
			<string>PBXSourcesBuildPhase</string>
			<key>runOnlyForDeploymentPostprocessing</key>
			<string>0</string>
		</dict>
		<key>36B161F51CDCDF3A00F24C97</key>
		<dict>
			<key>buildActionMask</key>
			<string>2147483647</string>
			<key>files</key>
			<array>
				<string>36B1625F1CDDAD7900F24C97</string>
				<string>36B162511CDDA28200F24C97</string>
				<string>36B162531CDDA28200F24C97</string>
				<string>36B162551CDDA28200F24C97</string>
				<string>36B162671CDDECDC00F24C97</string>
			</array>
			<key>isa</key>
			<string>PBXFrameworksBuildPhase</string>
			<key>runOnlyForDeploymentPostprocessing</key>
			<string>0</string>
		</dict>
		<key>36B161F61CDCDF3A00F24C97</key>
		<dict>
			<key>buildActionMask</key>
			<string>2147483647</string>
			<key>files</key>
			<array>
				<string>36B161FD1CDCDF3B00F24C97</string>
				<string>36B162001CDCDF3B00F24C97</string>
			</array>
			<key>isa</key>
			<string>PBXResourcesBuildPhase</string>
			<key>runOnlyForDeploymentPostprocessing</key>
			<string>0</string>
		</dict>
		<key>36B161F71CDCDF3A00F24C97</key>
		<dict>
			<key>buildConfigurationList</key>
			<string>36B162021CDCDF3B00F24C97</string>
			<key>buildPhases</key>
			<array>
				<string>36B161F41CDCDF3A00F24C97</string>
				<string>36B161F51CDCDF3A00F24C97</string>
				<string>36B161F61CDCDF3A00F24C97</string>
				<string>36B1620A1CDD822700F24C97</string>
			</array>
			<key>buildRules</key>
			<array/>
			<key>dependencies</key>
			<array>
				<string>36B1626A1CDDECDC00F24C97</string>
			</array>
			<key>isa</key>
			<string>PBXNativeTarget</string>
			<key>name</key>
			<string>NEKitDemo</string>
			<key>productName</key>
			<string>NEKitDemo</string>
			<key>productReference</key>
			<string>36B161F81CDCDF3A00F24C97</string>
			<key>productType</key>
			<string>com.apple.product-type.application</string>
		</dict>
		<key>36B161F81CDCDF3A00F24C97</key>
		<dict>
			<key>explicitFileType</key>
			<string>wrapper.application</string>
			<key>includeInIndex</key>
			<string>0</string>
			<key>isa</key>
			<string>PBXFileReference</string>
			<key>path</key>
			<string>NEKitDemo.app</string>
			<key>sourceTree</key>
			<string>BUILT_PRODUCTS_DIR</string>
		</dict>
		<key>36B161F91CDCDF3A00F24C97</key>
		<dict>
			<key>children</key>
			<array>
				<string>36B161FA1CDCDF3A00F24C97</string>
				<string>36B161FC1CDCDF3B00F24C97</string>
				<string>36B162011CDCDF3B00F24C97</string>
				<string>36B161FE1CDCDF3B00F24C97</string>
			</array>
			<key>isa</key>
			<string>PBXGroup</string>
			<key>path</key>
			<string>NEKitDemo</string>
			<key>sourceTree</key>
			<string>&lt;group&gt;</string>
		</dict>
		<key>36B161FA1CDCDF3A00F24C97</key>
		<dict>
			<key>isa</key>
			<string>PBXFileReference</string>
			<key>lastKnownFileType</key>
			<string>sourcecode.swift</string>
			<key>path</key>
			<string>AppDelegate.swift</string>
			<key>sourceTree</key>
			<string>&lt;group&gt;</string>
		</dict>
		<key>36B161FB1CDCDF3A00F24C97</key>
		<dict>
			<key>fileRef</key>
			<string>36B161FA1CDCDF3A00F24C97</string>
			<key>isa</key>
			<string>PBXBuildFile</string>
		</dict>
		<key>36B161FC1CDCDF3B00F24C97</key>
		<dict>
			<key>isa</key>
			<string>PBXFileReference</string>
			<key>lastKnownFileType</key>
			<string>folder.assetcatalog</string>
			<key>path</key>
			<string>Assets.xcassets</string>
			<key>sourceTree</key>
			<string>&lt;group&gt;</string>
		</dict>
		<key>36B161FD1CDCDF3B00F24C97</key>
		<dict>
			<key>fileRef</key>
			<string>36B161FC1CDCDF3B00F24C97</string>
			<key>isa</key>
			<string>PBXBuildFile</string>
		</dict>
		<key>36B161FE1CDCDF3B00F24C97</key>
		<dict>
			<key>children</key>
			<array>
				<string>36B161FF1CDCDF3B00F24C97</string>
			</array>
			<key>isa</key>
			<string>PBXVariantGroup</string>
			<key>name</key>
			<string>MainMenu.xib</string>
			<key>path</key>
			<string>.</string>
			<key>sourceTree</key>
			<string>&lt;group&gt;</string>
		</dict>
		<key>36B161FF1CDCDF3B00F24C97</key>
		<dict>
			<key>isa</key>
			<string>PBXFileReference</string>
			<key>lastKnownFileType</key>
			<string>file.xib</string>
			<key>name</key>
			<string>Base</string>
			<key>path</key>
			<string>Base.lproj/MainMenu.xib</string>
			<key>sourceTree</key>
			<string>&lt;group&gt;</string>
		</dict>
		<key>36B162001CDCDF3B00F24C97</key>
		<dict>
			<key>fileRef</key>
			<string>36B161FE1CDCDF3B00F24C97</string>
			<key>isa</key>
			<string>PBXBuildFile</string>
		</dict>
		<key>36B162011CDCDF3B00F24C97</key>
		<dict>
			<key>isa</key>
			<string>PBXFileReference</string>
			<key>lastKnownFileType</key>
			<string>text.plist.xml</string>
			<key>path</key>
			<string>Info.plist</string>
			<key>sourceTree</key>
			<string>&lt;group&gt;</string>
		</dict>
		<key>36B162021CDCDF3B00F24C97</key>
		<dict>
			<key>buildConfigurations</key>
			<array>
				<string>36B162031CDCDF3B00F24C97</string>
				<string>36B162041CDCDF3B00F24C97</string>
			</array>
			<key>defaultConfigurationIsVisible</key>
			<string>0</string>
			<key>defaultConfigurationName</key>
			<string>Release</string>
			<key>isa</key>
			<string>XCConfigurationList</string>
		</dict>
		<key>36B162031CDCDF3B00F24C97</key>
		<dict>
			<key>buildSettings</key>
			<dict>
				<key>ASSETCATALOG_COMPILER_APPICON_NAME</key>
				<string>AppIcon</string>
				<key>COMBINE_HIDPI_IMAGES</key>
				<string>YES</string>
				<key>EMBEDDED_CONTENT_CONTAINS_SWIFT</key>
				<string>YES</string>
				<key>FRAMEWORK_SEARCH_PATHS</key>
				<array>
					<string>$(inherited)</string>
					<string>$(PROJECT_DIR)/Carthage/Build/Mac</string>
				</array>
				<key>INFOPLIST_FILE</key>
				<string>NEKitDemo/Info.plist</string>
				<key>LD_RUNPATH_SEARCH_PATHS</key>
				<string>$(inherited) @executable_path/../Frameworks</string>
				<key>PRODUCT_BUNDLE_IDENTIFIER</key>
				<string>me.zhuhaow.NEKitDemo</string>
				<key>PRODUCT_NAME</key>
				<string>$(TARGET_NAME)</string>
			</dict>
			<key>isa</key>
			<string>XCBuildConfiguration</string>
			<key>name</key>
			<string>Debug</string>
		</dict>
		<key>36B162041CDCDF3B00F24C97</key>
		<dict>
			<key>buildSettings</key>
			<dict>
				<key>ASSETCATALOG_COMPILER_APPICON_NAME</key>
				<string>AppIcon</string>
				<key>COMBINE_HIDPI_IMAGES</key>
				<string>YES</string>
				<key>EMBEDDED_CONTENT_CONTAINS_SWIFT</key>
				<string>YES</string>
				<key>FRAMEWORK_SEARCH_PATHS</key>
				<array>
					<string>$(inherited)</string>
					<string>$(PROJECT_DIR)/Carthage/Build/Mac</string>
				</array>
				<key>INFOPLIST_FILE</key>
				<string>NEKitDemo/Info.plist</string>
				<key>LD_RUNPATH_SEARCH_PATHS</key>
				<string>$(inherited) @executable_path/../Frameworks</string>
				<key>PRODUCT_BUNDLE_IDENTIFIER</key>
				<string>me.zhuhaow.NEKitDemo</string>
				<key>PRODUCT_NAME</key>
				<string>$(TARGET_NAME)</string>
			</dict>
			<key>isa</key>
			<string>XCBuildConfiguration</string>
			<key>name</key>
			<string>Release</string>
		</dict>
		<key>36B1620A1CDD822700F24C97</key>
		<dict>
			<key>buildActionMask</key>
			<string>2147483647</string>
			<key>dstPath</key>
			<string></string>
			<key>dstSubfolderSpec</key>
			<string>10</string>
			<key>files</key>
			<array>
				<string>36B162601CDDAD7900F24C97</string>
				<string>36B162561CDDA28200F24C97</string>
				<string>36B162521CDDA28200F24C97</string>
				<string>36B162541CDDA28200F24C97</string>
				<string>36B162681CDDECDC00F24C97</string>
			</array>
			<key>isa</key>
			<string>PBXCopyFilesBuildPhase</string>
			<key>name</key>
			<string>Embed Frameworks</string>
			<key>runOnlyForDeploymentPostprocessing</key>
			<string>0</string>
		</dict>
		<key>36B1620B1CDDA0E000F24C97</key>
		<dict>
			<key>children</key>
			<array>
				<string>36B1620C1CDDA0E000F24C97</string>
				<string>36B1620D1CDDA0E000F24C97</string>
				<string>36B1620E1CDDA0E000F24C97</string>
			</array>
			<key>isa</key>
			<string>PBXGroup</string>
			<key>path</key>
			<string>Rule</string>
			<key>sourceTree</key>
			<string>&lt;group&gt;</string>
		</dict>
		<key>36B1620C1CDDA0E000F24C97</key>
		<dict>
			<key>fileEncoding</key>
			<string>4</string>
			<key>isa</key>
			<string>PBXFileReference</string>
			<key>lastKnownFileType</key>
			<string>sourcecode.swift</string>
			<key>path</key>
			<string>CountryRule.swift</string>
			<key>sourceTree</key>
			<string>&lt;group&gt;</string>
		</dict>
		<key>36B1620D1CDDA0E000F24C97</key>
		<dict>
			<key>fileEncoding</key>
			<string>4</string>
			<key>isa</key>
			<string>PBXFileReference</string>
			<key>lastKnownFileType</key>
			<string>sourcecode.swift</string>
			<key>path</key>
			<string>Rule.swift</string>
			<key>sourceTree</key>
			<string>&lt;group&gt;</string>
		</dict>
		<key>36B1620E1CDDA0E000F24C97</key>
		<dict>
			<key>fileEncoding</key>
			<string>4</string>
			<key>isa</key>
			<string>PBXFileReference</string>
			<key>lastKnownFileType</key>
			<string>sourcecode.swift</string>
			<key>path</key>
			<string>RuleManager.swift</string>
			<key>sourceTree</key>
			<string>&lt;group&gt;</string>
		</dict>
		<key>36B1620F1CDDA0E000F24C97</key>
		<dict>
			<key>fileRef</key>
			<string>36B1620C1CDDA0E000F24C97</string>
			<key>isa</key>
			<string>PBXBuildFile</string>
		</dict>
		<key>36B162101CDDA0E000F24C97</key>
		<dict>
			<key>fileRef</key>
			<string>36B1620D1CDDA0E000F24C97</string>
			<key>isa</key>
			<string>PBXBuildFile</string>
		</dict>
		<key>36B162111CDDA0E000F24C97</key>
		<dict>
			<key>fileRef</key>
			<string>36B1620E1CDDA0E000F24C97</string>
			<key>isa</key>
			<string>PBXBuildFile</string>
		</dict>
		<key>36B162121CDDA0EA00F24C97</key>
		<dict>
			<key>children</key>
			<array>
				<string>36B162181CDDA0EA00F24C97</string>
				<string>36B1621A1CDDA0EA00F24C97</string>
				<string>36B1621E1CDDA0EA00F24C97</string>
				<string>36B162201CDDA0EA00F24C97</string>
			</array>
			<key>isa</key>
			<string>PBXGroup</string>
			<key>name</key>
			<string>RawSocket</string>
			<key>path</key>
			<string>RawSocket</string>
			<key>sourceTree</key>
			<string>&lt;group&gt;</string>
		</dict>
		<key>36B162151CDDA0EA00F24C97</key>
		<dict>
			<key>fileEncoding</key>
			<string>4</string>
			<key>isa</key>
			<string>PBXFileReference</string>
			<key>lastKnownFileType</key>
			<string>sourcecode.swift</string>
			<key>path</key>
			<string>AdapterSocket.swift</string>
			<key>sourceTree</key>
			<string>&lt;group&gt;</string>
		</dict>
		<key>36B162161CDDA0EA00F24C97</key>
		<dict>
			<key>fileEncoding</key>
			<string>4</string>
			<key>isa</key>
			<string>PBXFileReference</string>
			<key>lastKnownFileType</key>
			<string>sourcecode.swift</string>
			<key>name</key>
			<string>ConnectRequest.swift</string>
			<key>path</key>
			<string>ConnectRequest.swift</string>
			<key>sourceTree</key>
			<string>&lt;group&gt;</string>
		</dict>
		<key>36B162181CDDA0EA00F24C97</key>
		<dict>
			<key>fileEncoding</key>
			<string>4</string>
			<key>isa</key>
			<string>PBXFileReference</string>
			<key>lastKnownFileType</key>
			<string>sourcecode.swift</string>
			<key>path</key>
			<string>GCDSocket.swift</string>
			<key>sourceTree</key>
			<string>&lt;group&gt;</string>
		</dict>
		<key>36B1621A1CDDA0EA00F24C97</key>
		<dict>
			<key>fileEncoding</key>
			<string>4</string>
			<key>isa</key>
			<string>PBXFileReference</string>
			<key>lastKnownFileType</key>
			<string>sourcecode.swift</string>
			<key>path</key>
			<string>NWTCPSocket.swift</string>
			<key>sourceTree</key>
			<string>&lt;group&gt;</string>
		</dict>
		<key>36B1621C1CDDA0EA00F24C97</key>
		<dict>
			<key>fileEncoding</key>
			<string>4</string>
			<key>isa</key>
			<string>PBXFileReference</string>
			<key>lastKnownFileType</key>
			<string>sourcecode.swift</string>
			<key>path</key>
			<string>ProxySocket.swift</string>
			<key>sourceTree</key>
			<string>&lt;group&gt;</string>
		</dict>
		<key>36B1621E1CDDA0EA00F24C97</key>
		<dict>
			<key>fileEncoding</key>
			<string>4</string>
			<key>isa</key>
			<string>PBXFileReference</string>
			<key>lastKnownFileType</key>
			<string>sourcecode.swift</string>
			<key>path</key>
			<string>RawSocketProtocol.swift</string>
			<key>sourceTree</key>
			<string>&lt;group&gt;</string>
		</dict>
		<key>36B1621F1CDDA0EA00F24C97</key>
		<dict>
			<key>fileEncoding</key>
			<string>4</string>
			<key>isa</key>
			<string>PBXFileReference</string>
			<key>lastKnownFileType</key>
			<string>sourcecode.swift</string>
			<key>path</key>
			<string>SocketProtocol.swift</string>
			<key>sourceTree</key>
			<string>&lt;group&gt;</string>
		</dict>
		<key>36B162201CDDA0EA00F24C97</key>
		<dict>
			<key>fileEncoding</key>
			<string>4</string>
			<key>isa</key>
			<string>PBXFileReference</string>
			<key>lastKnownFileType</key>
			<string>sourcecode.swift</string>
			<key>path</key>
			<string>SocketTag.swift</string>
			<key>sourceTree</key>
			<string>&lt;group&gt;</string>
		</dict>
		<key>36B162211CDDA0EA00F24C97</key>
		<dict>
			<key>fileEncoding</key>
			<string>4</string>
			<key>isa</key>
			<string>PBXFileReference</string>
			<key>lastKnownFileType</key>
			<string>sourcecode.swift</string>
			<key>path</key>
			<string>SOCKS5ProxySocket.swift</string>
			<key>sourceTree</key>
			<string>&lt;group&gt;</string>
		</dict>
		<key>36B162231CDDA0EA00F24C97</key>
		<dict>
			<key>fileEncoding</key>
			<string>4</string>
			<key>isa</key>
			<string>PBXFileReference</string>
			<key>lastKnownFileType</key>
			<string>sourcecode.swift</string>
			<key>name</key>
			<string>Tunnel.swift</string>
			<key>path</key>
			<string>Tunnel.swift</string>
			<key>sourceTree</key>
			<string>&lt;group&gt;</string>
		</dict>
		<key>36B162241CDDA0EA00F24C97</key>
		<dict>
			<key>fileEncoding</key>
			<string>4</string>
			<key>isa</key>
			<string>PBXFileReference</string>
			<key>lastKnownFileType</key>
			<string>sourcecode.swift</string>
			<key>name</key>
			<string>Utils.swift</string>
			<key>path</key>
			<string>Utils.swift</string>
			<key>sourceTree</key>
			<string>&lt;group&gt;</string>
		</dict>
		<key>36B162251CDDA0EA00F24C97</key>
		<dict>
			<key>fileRef</key>
			<string>36B162151CDDA0EA00F24C97</string>
			<key>isa</key>
			<string>PBXBuildFile</string>
		</dict>
		<key>36B162261CDDA0EA00F24C97</key>
		<dict>
			<key>fileRef</key>
			<string>36B162161CDDA0EA00F24C97</string>
			<key>isa</key>
			<string>PBXBuildFile</string>
		</dict>
		<key>36B162271CDDA0EA00F24C97</key>
		<dict>
			<key>fileRef</key>
			<string>36B162181CDDA0EA00F24C97</string>
			<key>isa</key>
			<string>PBXBuildFile</string>
		</dict>
		<key>36B162281CDDA0EA00F24C97</key>
		<dict>
			<key>fileRef</key>
			<string>36B1621A1CDDA0EA00F24C97</string>
			<key>isa</key>
			<string>PBXBuildFile</string>
		</dict>
		<key>36B162291CDDA0EA00F24C97</key>
		<dict>
			<key>fileRef</key>
			<string>36B1621C1CDDA0EA00F24C97</string>
			<key>isa</key>
			<string>PBXBuildFile</string>
		</dict>
		<key>36B1622B1CDDA0EA00F24C97</key>
		<dict>
			<key>fileRef</key>
			<string>36B1621E1CDDA0EA00F24C97</string>
			<key>isa</key>
			<string>PBXBuildFile</string>
		</dict>
		<key>36B1622C1CDDA0EA00F24C97</key>
		<dict>
			<key>fileRef</key>
			<string>36B1621F1CDDA0EA00F24C97</string>
			<key>isa</key>
			<string>PBXBuildFile</string>
		</dict>
		<key>36B1622D1CDDA0EA00F24C97</key>
		<dict>
			<key>fileRef</key>
			<string>36B162201CDDA0EA00F24C97</string>
			<key>isa</key>
			<string>PBXBuildFile</string>
		</dict>
		<key>36B1622E1CDDA0EA00F24C97</key>
		<dict>
			<key>fileRef</key>
			<string>36B162211CDDA0EA00F24C97</string>
			<key>isa</key>
			<string>PBXBuildFile</string>
		</dict>
		<key>36B1622F1CDDA0EA00F24C97</key>
		<dict>
			<key>fileRef</key>
			<string>36B162231CDDA0EA00F24C97</string>
			<key>isa</key>
			<string>PBXBuildFile</string>
		</dict>
		<key>36B162301CDDA0EA00F24C97</key>
		<dict>
			<key>fileRef</key>
			<string>36B162241CDDA0EA00F24C97</string>
			<key>isa</key>
			<string>PBXBuildFile</string>
		</dict>
		<key>36B162311CDDA0F300F24C97</key>
		<dict>
			<key>children</key>
			<array>
				<string>36B162331CDDA0F300F24C97</string>
				<string>36B162321CDDA0F300F24C97</string>
				<string>366EB5AC1CDE0FCE00E0E942</string>
				<string>366EB5AD1CDE0FCE00E0E942</string>
			</array>
			<key>isa</key>
			<string>PBXGroup</string>
			<key>path</key>
			<string>Adapter</string>
			<key>sourceTree</key>
			<string>&lt;group&gt;</string>
		</dict>
		<key>36B162321CDDA0F300F24C97</key>
		<dict>
			<key>fileEncoding</key>
			<string>4</string>
			<key>isa</key>
			<string>PBXFileReference</string>
			<key>lastKnownFileType</key>
			<string>sourcecode.swift</string>
			<key>path</key>
			<string>DirectAdapter.swift</string>
			<key>sourceTree</key>
			<string>&lt;group&gt;</string>
		</dict>
		<key>36B162331CDDA0F300F24C97</key>
		<dict>
			<key>children</key>
			<array>
				<string>36B162351CDDA0F300F24C97</string>
				<string>36B162341CDDA0F300F24C97</string>
				<string>366EB5B21CDE150C00E0E942</string>
				<string>36B162371CDDA0F300F24C97</string>
				<string>366EB5B31CDE150C00E0E942</string>
				<string>366EB5B41CDE150C00E0E942</string>
				<string>366EB5B51CDE150C00E0E942</string>
			</array>
			<key>isa</key>
			<string>PBXGroup</string>
			<key>path</key>
			<string>Factory</string>
			<key>sourceTree</key>
			<string>&lt;group&gt;</string>
		</dict>
		<key>36B162341CDDA0F300F24C97</key>
		<dict>
			<key>fileEncoding</key>
			<string>4</string>
			<key>isa</key>
			<string>PBXFileReference</string>
			<key>lastKnownFileType</key>
			<string>sourcecode.swift</string>
			<key>path</key>
			<string>AdapterFactoryProtocol.swift</string>
			<key>sourceTree</key>
			<string>&lt;group&gt;</string>
		</dict>
		<key>36B162351CDDA0F300F24C97</key>
		<dict>
			<key>fileEncoding</key>
			<string>4</string>
			<key>isa</key>
			<string>PBXFileReference</string>
			<key>lastKnownFileType</key>
			<string>sourcecode.swift</string>
			<key>path</key>
			<string>AdapterFactoryManager.swift</string>
			<key>sourceTree</key>
			<string>&lt;group&gt;</string>
		</dict>
		<key>36B162371CDDA0F300F24C97</key>
		<dict>
			<key>fileEncoding</key>
			<string>4</string>
			<key>isa</key>
			<string>PBXFileReference</string>
			<key>lastKnownFileType</key>
			<string>sourcecode.swift</string>
			<key>path</key>
			<string>DirectAdapterFactory.swift</string>
			<key>sourceTree</key>
			<string>&lt;group&gt;</string>
		</dict>
		<key>36B1623B1CDDA0F300F24C97</key>
		<dict>
			<key>fileRef</key>
			<string>36B162321CDDA0F300F24C97</string>
			<key>isa</key>
			<string>PBXBuildFile</string>
		</dict>
		<key>36B1623C1CDDA0F300F24C97</key>
		<dict>
			<key>fileRef</key>
			<string>36B162341CDDA0F300F24C97</string>
			<key>isa</key>
			<string>PBXBuildFile</string>
		</dict>
		<key>36B1623D1CDDA0F300F24C97</key>
		<dict>
			<key>fileRef</key>
			<string>36B162351CDDA0F300F24C97</string>
			<key>isa</key>
			<string>PBXBuildFile</string>
		</dict>
		<key>36B1623F1CDDA0F300F24C97</key>
		<dict>
			<key>fileRef</key>
			<string>36B162371CDDA0F300F24C97</string>
			<key>isa</key>
			<string>PBXBuildFile</string>
		</dict>
		<key>36B162431CDDA0FB00F24C97</key>
		<dict>
			<key>children</key>
			<array>
				<string>36B162611CDDADC100F24C97</string>
			</array>
			<key>isa</key>
			<string>PBXGroup</string>
			<key>path</key>
			<string>GeoIP</string>
			<key>sourceTree</key>
			<string>&lt;group&gt;</string>
		</dict>
		<key>36B1624A1CDDA13500F24C97</key>
		<dict>
			<key>isa</key>
			<string>PBXFileReference</string>
			<key>lastKnownFileType</key>
			<string>text</string>
			<key>path</key>
			<string>Cartfile</string>
			<key>sourceTree</key>
			<string>&lt;group&gt;</string>
		</dict>
		<key>36B1624B1CDDA26600F24C97</key>
		<dict>
			<key>isa</key>
			<string>PBXFileReference</string>
			<key>lastKnownFileType</key>
			<string>wrapper.framework</string>
			<key>name</key>
			<string>CocoaAsyncSocket.framework</string>
			<key>path</key>
			<string>Carthage/Build/Mac/CocoaAsyncSocket.framework</string>
			<key>sourceTree</key>
			<string>&lt;group&gt;</string>
		</dict>
		<key>36B1624C1CDDA26600F24C97</key>
		<dict>
			<key>isa</key>
			<string>PBXFileReference</string>
			<key>lastKnownFileType</key>
			<string>wrapper.framework</string>
			<key>name</key>
			<string>CocoaLumberjack.framework</string>
			<key>path</key>
			<string>Carthage/Build/Mac/CocoaLumberjack.framework</string>
			<key>sourceTree</key>
			<string>&lt;group&gt;</string>
		</dict>
		<key>36B1624D1CDDA26600F24C97</key>
		<dict>
			<key>isa</key>
			<string>PBXFileReference</string>
			<key>lastKnownFileType</key>
			<string>wrapper.framework</string>
			<key>name</key>
			<string>CocoaLumberjackSwift.framework</string>
			<key>path</key>
			<string>Carthage/Build/Mac/CocoaLumberjackSwift.framework</string>
			<key>sourceTree</key>
			<string>&lt;group&gt;</string>
		</dict>
		<key>36B1624E1CDDA26600F24C97</key>
		<dict>
			<key>fileRef</key>
			<string>36B1624B1CDDA26600F24C97</string>
			<key>isa</key>
			<string>PBXBuildFile</string>
		</dict>
		<key>36B1624F1CDDA26600F24C97</key>
		<dict>
			<key>fileRef</key>
			<string>36B1624C1CDDA26600F24C97</string>
			<key>isa</key>
			<string>PBXBuildFile</string>
		</dict>
		<key>36B162501CDDA26600F24C97</key>
		<dict>
			<key>fileRef</key>
			<string>36B1624D1CDDA26600F24C97</string>
			<key>isa</key>
			<string>PBXBuildFile</string>
		</dict>
		<key>36B162511CDDA28200F24C97</key>
		<dict>
			<key>fileRef</key>
			<string>36B1624B1CDDA26600F24C97</string>
			<key>isa</key>
			<string>PBXBuildFile</string>
		</dict>
		<key>36B162521CDDA28200F24C97</key>
		<dict>
			<key>fileRef</key>
			<string>36B1624B1CDDA26600F24C97</string>
			<key>isa</key>
			<string>PBXBuildFile</string>
			<key>settings</key>
			<dict>
				<key>ATTRIBUTES</key>
				<array>
					<string>CodeSignOnCopy</string>
					<string>RemoveHeadersOnCopy</string>
				</array>
			</dict>
		</dict>
		<key>36B162531CDDA28200F24C97</key>
		<dict>
			<key>fileRef</key>
			<string>36B1624C1CDDA26600F24C97</string>
			<key>isa</key>
			<string>PBXBuildFile</string>
		</dict>
		<key>36B162541CDDA28200F24C97</key>
		<dict>
			<key>fileRef</key>
			<string>36B1624C1CDDA26600F24C97</string>
			<key>isa</key>
			<string>PBXBuildFile</string>
			<key>settings</key>
			<dict>
				<key>ATTRIBUTES</key>
				<array>
					<string>CodeSignOnCopy</string>
					<string>RemoveHeadersOnCopy</string>
				</array>
			</dict>
		</dict>
		<key>36B162551CDDA28200F24C97</key>
		<dict>
			<key>fileRef</key>
			<string>36B1624D1CDDA26600F24C97</string>
			<key>isa</key>
			<string>PBXBuildFile</string>
		</dict>
		<key>36B162561CDDA28200F24C97</key>
		<dict>
			<key>fileRef</key>
			<string>36B1624D1CDDA26600F24C97</string>
			<key>isa</key>
			<string>PBXBuildFile</string>
			<key>settings</key>
			<dict>
				<key>ATTRIBUTES</key>
				<array>
					<string>CodeSignOnCopy</string>
					<string>RemoveHeadersOnCopy</string>
				</array>
			</dict>
		</dict>
		<key>36B162571CDDA31B00F24C97</key>
		<dict>
			<key>fileEncoding</key>
			<string>4</string>
			<key>isa</key>
			<string>PBXFileReference</string>
			<key>lastKnownFileType</key>
			<string>sourcecode.swift</string>
			<key>path</key>
			<string>ProxyServer.swift</string>
			<key>sourceTree</key>
			<string>&lt;group&gt;</string>
		</dict>
		<key>36B162581CDDA31B00F24C97</key>
		<dict>
			<key>fileEncoding</key>
			<string>4</string>
			<key>isa</key>
			<string>PBXFileReference</string>
			<key>lastKnownFileType</key>
			<string>sourcecode.swift</string>
			<key>path</key>
			<string>SOCKS5Proxy.swift</string>
			<key>sourceTree</key>
			<string>&lt;group&gt;</string>
		</dict>
		<key>36B162591CDDA31B00F24C97</key>
		<dict>
			<key>fileRef</key>
			<string>36B162571CDDA31B00F24C97</string>
			<key>isa</key>
			<string>PBXBuildFile</string>
		</dict>
		<key>36B1625A1CDDA31B00F24C97</key>
		<dict>
			<key>fileRef</key>
			<string>36B162581CDDA31B00F24C97</string>
			<key>isa</key>
			<string>PBXBuildFile</string>
		</dict>
		<key>36B1625B1CDDA54600F24C97</key>
		<dict>
			<key>fileEncoding</key>
			<string>4</string>
			<key>isa</key>
			<string>PBXFileReference</string>
			<key>lastKnownFileType</key>
			<string>sourcecode.swift</string>
			<key>path</key>
			<string>NetworkInterface.swift</string>
			<key>sourceTree</key>
			<string>&lt;group&gt;</string>
		</dict>
		<key>36B1625C1CDDA54600F24C97</key>
		<dict>
			<key>fileRef</key>
			<string>36B1625B1CDDA54600F24C97</string>
			<key>isa</key>
			<string>PBXBuildFile</string>
		</dict>
		<key>36B1625D1CDDAD6E00F24C97</key>
		<dict>
			<key>isa</key>
			<string>PBXFileReference</string>
			<key>lastKnownFileType</key>
			<string>wrapper.framework</string>
			<key>name</key>
			<string>MMDB.framework</string>
			<key>path</key>
			<string>Carthage/Build/Mac/MMDB.framework</string>
			<key>sourceTree</key>
			<string>&lt;group&gt;</string>
		</dict>
		<key>36B1625E1CDDAD6E00F24C97</key>
		<dict>
			<key>fileRef</key>
			<string>36B1625D1CDDAD6E00F24C97</string>
			<key>isa</key>
			<string>PBXBuildFile</string>
		</dict>
		<key>36B1625F1CDDAD7900F24C97</key>
		<dict>
			<key>fileRef</key>
			<string>36B1625D1CDDAD6E00F24C97</string>
			<key>isa</key>
			<string>PBXBuildFile</string>
		</dict>
		<key>36B162601CDDAD7900F24C97</key>
		<dict>
			<key>fileRef</key>
			<string>36B1625D1CDDAD6E00F24C97</string>
			<key>isa</key>
			<string>PBXBuildFile</string>
			<key>settings</key>
			<dict>
				<key>ATTRIBUTES</key>
				<array>
					<string>CodeSignOnCopy</string>
					<string>RemoveHeadersOnCopy</string>
				</array>
			</dict>
		</dict>
		<key>36B162611CDDADC100F24C97</key>
		<dict>
			<key>fileEncoding</key>
			<string>4</string>
			<key>isa</key>
			<string>PBXFileReference</string>
			<key>lastKnownFileType</key>
			<string>sourcecode.swift</string>
			<key>path</key>
			<string>GeoIP.swift</string>
			<key>sourceTree</key>
			<string>&lt;group&gt;</string>
		</dict>
		<key>36B162621CDDADC100F24C97</key>
		<dict>
			<key>fileRef</key>
			<string>36B162611CDDADC100F24C97</string>
			<key>isa</key>
			<string>PBXBuildFile</string>
		</dict>
		<key>36B162631CDDCDFC00F24C97</key>
		<dict>
			<key>children</key>
			<array>
				<string>36B162571CDDA31B00F24C97</string>
				<string>36B162581CDDA31B00F24C97</string>
			</array>
			<key>isa</key>
			<string>PBXGroup</string>
			<key>name</key>
			<string>ProxyServer</string>
			<key>path</key>
			<string>ProxyServer</string>
			<key>sourceTree</key>
			<string>&lt;group&gt;</string>
		</dict>
		<key>36B162651CDDCF9900F24C97</key>
		<dict>
			<key>children</key>
			<array>
				<string>36B162151CDDA0EA00F24C97</string>
				<string>36B1621C1CDDA0EA00F24C97</string>
				<string>36B162211CDDA0EA00F24C97</string>
				<string>36B1621F1CDDA0EA00F24C97</string>
			</array>
			<key>isa</key>
			<string>PBXGroup</string>
			<key>path</key>
			<string>Socket</string>
			<key>sourceTree</key>
			<string>&lt;group&gt;</string>
		</dict>
		<key>36B162661CDDD00B00F24C97</key>
		<dict>
			<key>children</key>
			<array>
				<string>36B162161CDDA0EA00F24C97</string>
			</array>
			<key>isa</key>
			<string>PBXGroup</string>
			<key>name</key>
			<string>Messages</string>
			<key>path</key>
			<string>Messages</string>
			<key>sourceTree</key>
			<string>&lt;group&gt;</string>
		</dict>
		<key>36B162671CDDECDC00F24C97</key>
		<dict>
			<key>fileRef</key>
			<string>36463A301CDCD5EB0040579C</string>
			<key>isa</key>
			<string>PBXBuildFile</string>
		</dict>
		<key>36B162681CDDECDC00F24C97</key>
		<dict>
			<key>fileRef</key>
			<string>36463A301CDCD5EB0040579C</string>
			<key>isa</key>
			<string>PBXBuildFile</string>
			<key>settings</key>
			<dict>
				<key>ATTRIBUTES</key>
				<array>
					<string>CodeSignOnCopy</string>
					<string>RemoveHeadersOnCopy</string>
				</array>
			</dict>
		</dict>
		<key>36B162691CDDECDC00F24C97</key>
		<dict>
			<key>containerPortal</key>
			<string>36463A271CDCD5EB0040579C</string>
			<key>isa</key>
			<string>PBXContainerItemProxy</string>
			<key>proxyType</key>
			<string>1</string>
			<key>remoteGlobalIDString</key>
			<string>36463A2F1CDCD5EB0040579C</string>
			<key>remoteInfo</key>
			<string>NEKit</string>
		</dict>
		<key>36B1626A1CDDECDC00F24C97</key>
		<dict>
			<key>isa</key>
			<string>PBXTargetDependency</string>
			<key>target</key>
			<string>36463A2F1CDCD5EB0040579C</string>
			<key>targetProxy</key>
			<string>36B162691CDDECDC00F24C97</string>
		</dict>
		<key>C761B0AADCE235DA95F31D5A</key>
		<dict>
			<key>buildActionMask</key>
			<string>2147483647</string>
			<key>files</key>
			<array/>
			<key>inputPaths</key>
			<array/>
			<key>isa</key>
			<string>PBXShellScriptBuildPhase</string>
			<key>name</key>
			<string>Warn for TODO and FIXME comments</string>
			<key>outputPaths</key>
			<array/>
			<key>runOnlyForDeploymentPostprocessing</key>
			<string>0</string>
			<key>shellPath</key>
			<string>/bin/sh</string>
			<key>shellScript</key>
			<string>KEYWORDS="TODO:|FIXME:|\?\?\?:|\!\!\!:"
FILE_EXTENSIONS="swift|h|m|mm|c|cpp"
find -E "${SRCROOT}" -ipath "${SRCROOT}/Carthage" -o -ipath "${SRCROOT}/pods" -prune -o \( -regex ".*\.($FILE_EXTENSIONS)$" \) -print0 | xargs -0 egrep --with-filename --line-number --only-matching "($KEYWORDS).*\$" | perl -p -e "s/($KEYWORDS)/ warning: \$1/"
</string>
		</dict>
		<key>E60ADF4730A8B268DBD07CAC</key>
		<dict>
			<key>buildActionMask</key>
			<string>2147483647</string>
			<key>files</key>
			<array/>
			<key>inputPaths</key>
			<array/>
			<key>isa</key>
			<string>PBXShellScriptBuildPhase</string>
			<key>name</key>
			<string>Set version number</string>
			<key>outputPaths</key>
			<array/>
			<key>runOnlyForDeploymentPostprocessing</key>
			<string>0</string>
			<key>shellPath</key>
			<string>/bin/sh</string>
			<key>shellScript</key>
			<string>git=$(sh /etc/profile; which git)
git_release_version=$("$git" describe --tags --always --abbrev=0)
number_of_commits=$("$git" rev-list master --count)
target_plist="$TARGET_BUILD_DIR/$INFOPLIST_PATH"
dsym_plist="$DWARF_DSYM_FOLDER_PATH/$DWARF_DSYM_FILE_NAME/Contents/Info.plist"

for plist in "$target_plist" "$dsym_plist"; do
  if [ -f "$plist" ]; then
    /usr/libexec/PlistBuddy -c "Set :CFBundleVersion $number_of_commits" "$plist"
    /usr/libexec/PlistBuddy -c "Set :CFBundleShortVersionString ${git_release_version#*v}" "$plist"
  fi
done
</string>
		</dict>
	</dict>
	<key>rootObject</key>
	<string>36463A271CDCD5EB0040579C</string>
</dict>
</plist>
